
Microsoft Visual Studio Solution File, Format Version 12.00
# Visual Studio 15
VisualStudioVersion = 15.0.28010.2016
MinimumVisualStudioVersion = 10.0.40219.1
Project("{8BC9CEB8-8B4A-11D0-8D11-00A0C91BC942}") = "Project1", "Project1\Project1.vcxproj", "{5F73CFE5-D617-4AF8-8F4C-2B32026262A3}"
EndProject
Project("{8BC9CEB8-8B4A-11D0-8D11-00A0C91BC942}") = "Project2", "Project2\Project2.vcxproj", "{6219B827-05C4-442B-8773-0712646E97AD}"
EndProject
Project("{8BC9CEB8-8B4A-11D0-8D11-00A0C91BC942}") = "Project3", "Project3\Project3.vcxproj", "{3506EA7F-26E9-4EB8-BE19-7D334B094F21}"
EndProject
Project("{8BC9CEB8-8B4A-11D0-8D11-00A0C91BC942}") = "Project4", "Project4\Project4.vcxproj", "{786D6C92-16F4-403F-AC6B-E81CA8BB38E1}"
EndProject
Project("{8BC9CEB8-8B4A-11D0-8D11-00A0C91BC942}") = "Project5", "Project5\Project5.vcxproj", "{9EEE6412-5DBC-4476-9AE8-D5DADD2113B2}"
EndProject
Project("{8BC9CEB8-8B4A-11D0-8D11-00A0C91BC942}") = "Project6", "Project6\Project6.vcxproj", "{CB2F6B6D-82EB-4812-9CA8-CAF5E79590FE}"
EndProject
Project("{8BC9CEB8-8B4A-11D0-8D11-00A0C91BC942}") = "Project7", "Project7\Project7.vcxproj", "{9753948C-7802-4586-961A-8B9657A2B0A3}"
EndProject
Project("{8BC9CEB8-8B4A-11D0-8D11-00A0C91BC942}") = "Project8", "Project8\Project8.vcxproj", "{346E75DC-4E52-4DEA-91BB-A312744A3012}"
EndProject
Project("{8BC9CEB8-8B4A-11D0-8D11-00A0C91BC942}") = "Project9", "Project9\Project9.vcxproj", "{2684972E-8543-4A96-B1EA-703AF20F116C}"
EndProject
Project("{8BC9CEB8-8B4A-11D0-8D11-00A0C91BC942}") = "Project10", "Project10\Project10.vcxproj", "{AC81F277-3349-438D-8922-4D94BF3E0F7D}"
EndProject
Project("{8BC9CEB8-8B4A-11D0-8D11-00A0C91BC942}") = "Project11", "Project11\Project11.vcxproj", "{6604DB9E-6208-4FC3-AE72-B9993C8105BC}"
EndProject
Project("{8BC9CEB8-8B4A-11D0-8D11-00A0C91BC942}") = "sockMerchant", "Project12\Project12.vcxproj", "{4C0FB894-E697-43F6-AB13-7FE9FFBC1AC5}"
EndProject
Project("{8BC9CEB8-8B4A-11D0-8D11-00A0C91BC942}") = "pageCount", "pageCount\pageCount.vcxproj", "{3FBCECEC-C191-48F2-9857-E729958F7A70}"
EndProject
Project("{8BC9CEB8-8B4A-11D0-8D11-00A0C91BC942}") = "countingValey", "countingValey\countingValey.vcxproj", "{88B30753-063C-4F7D-98F7-A5F66324E1CC}"
EndProject
Project("{8BC9CEB8-8B4A-11D0-8D11-00A0C91BC942}") = "getMoneySpent", "getMoneySpent\getMoneySpent.vcxproj", "{FC5BE44C-3A83-42B5-A198-FB095205B1A0}"
EndProject
Project("{8BC9CEB8-8B4A-11D0-8D11-00A0C91BC942}") = "pickingNumber", "pickingNumber\pickingNumber.vcxproj", "{970CEEA7-57BA-4681-95A1-E836FF82A415}"
EndProject
Project("{8BC9CEB8-8B4A-11D0-8D11-00A0C91BC942}") = "day of programing", "UtopainTree\UtopainTree.vcxproj", "{A87457B4-852A-4BB6-A603-7BAA91395AD5}"
EndProject
Project("{8BC9CEB8-8B4A-11D0-8D11-00A0C91BC942}") = "jumpingOnClouds", "jumpingOnClouds\jumpingOnClouds.vcxproj", "{FCE38F42-42E1-49E5-8C11-AE65ECF1250B}"
EndProject
Project("{8BC9CEB8-8B4A-11D0-8D11-00A0C91BC942}") = "findDigits", "findDigits\findDigits.vcxproj", "{5851B44B-E46F-4D1B-8502-5D86D5A10717}"
EndProject
Project("{8BC9CEB8-8B4A-11D0-8D11-00A0C91BC942}") = "migratoryBird", "migratoryBird\migratoryBird.vcxproj", "{9676F26C-C928-4285-A127-F18BD0D6C324}"
EndProject
Project("{8BC9CEB8-8B4A-11D0-8D11-00A0C91BC942}") = "cutTheSticks", "cutTheSticks\cutTheSticks.vcxproj", "{447BC124-A0D5-4CCF-820D-72430842C1EF}"
EndProject
Project("{8BC9CEB8-8B4A-11D0-8D11-00A0C91BC942}") = "EqualizeTheArray", "EqualizeTheArray\EqualizeTheArray.vcxproj", "{AE9F766B-A960-4A3B-BA34-FC8567AE74EC}"
EndProject
Project("{8BC9CEB8-8B4A-11D0-8D11-00A0C91BC942}") = "camelCase", "camelCase\camelCase.vcxproj", "{F91B1C4F-73EE-42A4-958F-4B5CA8ECBAD3}"
EndProject
Project("{8BC9CEB8-8B4A-11D0-8D11-00A0C91BC942}") = "quickSort1", "quickSort1\quickSort1.vcxproj", "{672D4736-6538-4D7E-BFB2-3E9AA5C82CFA}"
EndProject
Project("{8BC9CEB8-8B4A-11D0-8D11-00A0C91BC942}") = "countingSort", "countingSort\countingSort.vcxproj", "{775935C6-931C-4A92-97EE-0C920AE50AE2}"
EndProject
Project("{8BC9CEB8-8B4A-11D0-8D11-00A0C91BC942}") = "countingSort2", "countingSort2\countingSort2.vcxproj", "{7948939F-C305-4E94-8480-EBF0FAF9A21B}"
EndProject
Project("{8BC9CEB8-8B4A-11D0-8D11-00A0C91BC942}") = "theFullcountingSort", "theFullcountingSort\theFullcountingSort.vcxproj", "{75A1A55E-D8E1-4547-B861-5D5721DE1401}"
EndProject
Project("{8BC9CEB8-8B4A-11D0-8D11-00A0C91BC942}") = "kapekarNumber", "kapekarNumber\kapekarNumber.vcxproj", "{7F1FAC81-7F79-469A-8548-6F4A4FA7F5FA}"
EndProject
Project("{8BC9CEB8-8B4A-11D0-8D11-00A0C91BC942}") = "Non-Divisible", "Non-Divisible\Non-Divisible.vcxproj", "{EF50CF86-FCB7-4359-BDAC-5F32AEA560D2}"
EndProject
Project("{8BC9CEB8-8B4A-11D0-8D11-00A0C91BC942}") = "ACM ICPC team", "ACM ICPC team\ACM ICPC team.vcxproj", "{0DF79CB3-E4AE-468C-8C4D-5063B7D47CF0}"
EndProject
Project("{8BC9CEB8-8B4A-11D0-8D11-00A0C91BC942}") = "Encyption", "Encyption\Encyption.vcxproj", "{1A5A9A3F-4179-409C-8AF1-461A96F83ADB}"
EndProject
Project("{8BC9CEB8-8B4A-11D0-8D11-00A0C91BC942}") = "flatland Space Station", "flatland Space Station\flatland Space Station.vcxproj", "{21E6960E-D1EE-4249-A98A-A9FFF92A199D}"
EndProject
Project("{8BC9CEB8-8B4A-11D0-8D11-00A0C91BC942}") = "Fair Rations", "Fair Rations\Fair Rations.vcxproj", "{0139D1A9-894C-4533-A7F0-92E5F892E907}"
EndProject
Project("{8BC9CEB8-8B4A-11D0-8D11-00A0C91BC942}") = "manasaAndStones", "manasaAndStones\manasaAndStones.vcxproj", "{A9401783-08C0-4360-925E-D63353B48AEF}"
EndProject
Project("{8BC9CEB8-8B4A-11D0-8D11-00A0C91BC942}") = "two Character", "two Character\two Character.vcxproj", "{58C0FFD7-B5AB-46C0-A4C5-D3CC763BC2D3}"
EndProject
Project("{8BC9CEB8-8B4A-11D0-8D11-00A0C91BC942}") = "pangrams", "pangrams\pangrams.vcxproj", "{A3068D49-2DD8-4AC8-9E8D-362954FBD973}"
EndProject
Project("{8BC9CEB8-8B4A-11D0-8D11-00A0C91BC942}") = "happyLadybugs", "happyLadybugs\happyLadybugs.vcxproj", "{923B810C-3E80-4F49-9667-123D4F9FB6B8}"
EndProject
Project("{8BC9CEB8-8B4A-11D0-8D11-00A0C91BC942}") = "BigSorting", "BigSorting\BigSorting.vcxproj", "{56666DE5-F3D1-426F-B18A-AEA58891E952}"
EndProject
Project("{8BC9CEB8-8B4A-11D0-8D11-00A0C91BC942}") = "hackerrankInString", "hackerrankInString\hackerrankInString.vcxproj", "{92C61369-B130-4D20-ABC3-A2E8D8C16D26}"
EndProject
Project("{8BC9CEB8-8B4A-11D0-8D11-00A0C91BC942}") = "Mark and toys", "Mark and toys\Mark and toys.vcxproj", "{580AD852-518A-4974-AC41-1B1E04E36990}"
EndProject
Project("{8BC9CEB8-8B4A-11D0-8D11-00A0C91BC942}") = "Making anagrams", "Making anagrams\Making anagrams.vcxproj", "{C7E8AAC8-FFDF-46E5-AEDF-28FE5EF7FF96}"
EndProject
Project("{8BC9CEB8-8B4A-11D0-8D11-00A0C91BC942}") = "Gamstones", "Gamstones\Gamstones.vcxproj", "{90DA5341-F143-41B7-AE64-919E2E30FF60}"
EndProject
Project("{8BC9CEB8-8B4A-11D0-8D11-00A0C91BC942}") = "Marc'sCalwalk", "Marc'sCalwalk\Marc'sCalwalk.vcxproj", "{BAE0226F-A547-4B3B-A399-EFF3E04078FA}"
EndProject
Project("{8BC9CEB8-8B4A-11D0-8D11-00A0C91BC942}") = "Maximun XOR", "Maximun XOR\Maximun XOR.vcxproj", "{44BB4EF4-2367-4922-88D8-4C64FA4290FE}"
EndProject
Project("{8BC9CEB8-8B4A-11D0-8D11-00A0C91BC942}") = "left Rotation", "left Rotation\left Rotation.vcxproj", "{2B1D911C-7036-47A4-BCEB-40FCF1E0C125}"
EndProject
Project("{8BC9CEB8-8B4A-11D0-8D11-00A0C91BC942}") = "PrimeSubtration", "PrimeSubtration\PrimeSubtration.vcxproj", "{9E2C5192-3B08-4AC1-BD74-C9F566A43EAE}"
EndProject
Project("{8BC9CEB8-8B4A-11D0-8D11-00A0C91BC942}") = "CloseNumbers", "CloseNumbers\CloseNumbers.vcxproj", "{41BE0B1B-880E-4ACD-B53E-E6191D92DEDB}"
EndProject
Project("{8BC9CEB8-8B4A-11D0-8D11-00A0C91BC942}") = "biggerIsGreater", "biggerIsGreater\biggerIsGreater.vcxproj", "{DB70B518-7099-4409-BDA4-41DAC742D53B}"
EndProject
Project("{8BC9CEB8-8B4A-11D0-8D11-00A0C91BC942}") = "seperateTheNumbers", "seperateTheNumbers\seperateTheNumbers.vcxproj", "{C9C36F90-5935-4009-955C-3308E8F43F4E}"
EndProject
Project("{8BC9CEB8-8B4A-11D0-8D11-00A0C91BC942}") = "strangeCounter", "strangeCounter\strangeCounter.vcxproj", "{2E7693F6-6E52-4403-BAA3-5A79FAA70983}"
EndProject
Project("{8BC9CEB8-8B4A-11D0-8D11-00A0C91BC942}") = "XOR_String", "XOR_String\XOR_String.vcxproj", "{B8D6F291-656C-4267-8E6B-76E0512031E9}"
EndProject
Project("{8BC9CEB8-8B4A-11D0-8D11-00A0C91BC942}") = "sherlockAndTheBeast", "sherlockAndTheBeast\sherlockAndTheBeast.vcxproj", "{DB72E6AC-0E55-4C90-BE2A-609C2B718EC3}"
EndProject
Project("{8BC9CEB8-8B4A-11D0-8D11-00A0C91BC942}") = "WeightedUniform", "WeightedUniform\WeightedUniform.vcxproj", "{7BF209CF-726E-42E5-BD21-1DC6543985FF}"
EndProject
Project("{8BC9CEB8-8B4A-11D0-8D11-00A0C91BC942}") = "Anagram", "Anagram\Anagram.vcxproj", "{52888528-E024-467B-B0E0-F47A6D35E6E1}"
EndProject
Project("{8BC9CEB8-8B4A-11D0-8D11-00A0C91BC942}") = "TwoString", "TwoString\TwoString.vcxproj", "{67C66107-EF36-4EFA-B413-80598D141728}"
EndProject
Project("{8BC9CEB8-8B4A-11D0-8D11-00A0C91BC942}") = "3DSunfaceArea", "3DSunfaceArea\3DSunfaceArea.vcxproj", "{E34DD43C-0C07-485D-9A42-6F438EEBE388}"
EndProject
Project("{8BC9CEB8-8B4A-11D0-8D11-00A0C91BC942}") = "AbsolutePermutation", "AbsolutePermutation\AbsolutePermutation.vcxproj", "{717A250A-F2E6-44D4-BB1E-16198A0A1AF7}"
EndProject
Project("{8BC9CEB8-8B4A-11D0-8D11-00A0C91BC942}") = "AlmostSorted", "AlmostSorted\AlmostSorted.vcxproj", "{FD0A3A02-CF57-4E38-B919-7E61986B2E02}"
EndProject
Project("{8BC9CEB8-8B4A-11D0-8D11-00A0C91BC942}") = "Larry'sArray", "Larry'sArray\Larry'sArray.vcxproj", "{4F315B3F-2906-4BA3-AEE5-E2C21C7543C3}"
EndProject
Project("{8BC9CEB8-8B4A-11D0-8D11-00A0C91BC942}") = "MatrixLayerRotation", "MatrixLayerRotation\MatrixLayerRotation.vcxproj", "{A01250DE-F94A-4979-8DDD-D4642EC66143}"
EndProject
Project("{8BC9CEB8-8B4A-11D0-8D11-00A0C91BC942}") = "SherlockAndTheValid", "SherlockAndTheValid\SherlockAndTheValid.vcxproj", "{360B9EA3-0AB5-46BB-A4A3-3061E7A04ACB}"
EndProject
Project("{8BC9CEB8-8B4A-11D0-8D11-00A0C91BC942}") = "PalindromeIndex", "PalindromeIndex\PalindromeIndex.vcxproj", "{E5049FF9-319D-4982-AE03-19F75FD1810E}"
EndProject
Project("{8BC9CEB8-8B4A-11D0-8D11-00A0C91BC942}") = "LongestSabarray", "LongestSabarray\LongestSabarray.vcxproj", "{90BEB152-FCA0-4BFE-A90D-ECFF3E2F97CA}"
EndProject
Project("{8BC9CEB8-8B4A-11D0-8D11-00A0C91BC942}") = "SherlockAndAnagrams", "SherlockAndAnagrams\SherlockAndAnagrams.vcxproj", "{45C0520A-4E85-49B8-8E7E-FADF8F43D2F0}"
EndProject
Project("{8BC9CEB8-8B4A-11D0-8D11-00A0C91BC942}") = "IceCreamParlor", "IceCreamParlor\IceCreamParlor.vcxproj", "{5B0CFF99-C7F2-4E1E-BCC5-8F6435F5725C}"
EndProject
Global
	GlobalSection(SolutionConfigurationPlatforms) = preSolution
		Debug|x64 = Debug|x64
		Debug|x86 = Debug|x86
		Release|x64 = Release|x64
		Release|x86 = Release|x86
	EndGlobalSection
	GlobalSection(ProjectConfigurationPlatforms) = postSolution
		{5F73CFE5-D617-4AF8-8F4C-2B32026262A3}.Debug|x64.ActiveCfg = Debug|x64
		{5F73CFE5-D617-4AF8-8F4C-2B32026262A3}.Debug|x64.Build.0 = Debug|x64
		{5F73CFE5-D617-4AF8-8F4C-2B32026262A3}.Debug|x86.ActiveCfg = Debug|Win32
		{5F73CFE5-D617-4AF8-8F4C-2B32026262A3}.Debug|x86.Build.0 = Debug|Win32
		{5F73CFE5-D617-4AF8-8F4C-2B32026262A3}.Release|x64.ActiveCfg = Release|x64
		{5F73CFE5-D617-4AF8-8F4C-2B32026262A3}.Release|x64.Build.0 = Release|x64
		{5F73CFE5-D617-4AF8-8F4C-2B32026262A3}.Release|x86.ActiveCfg = Release|Win32
		{5F73CFE5-D617-4AF8-8F4C-2B32026262A3}.Release|x86.Build.0 = Release|Win32
		{6219B827-05C4-442B-8773-0712646E97AD}.Debug|x64.ActiveCfg = Debug|x64
		{6219B827-05C4-442B-8773-0712646E97AD}.Debug|x64.Build.0 = Debug|x64
		{6219B827-05C4-442B-8773-0712646E97AD}.Debug|x86.ActiveCfg = Debug|Win32
		{6219B827-05C4-442B-8773-0712646E97AD}.Debug|x86.Build.0 = Debug|Win32
		{6219B827-05C4-442B-8773-0712646E97AD}.Release|x64.ActiveCfg = Release|x64
		{6219B827-05C4-442B-8773-0712646E97AD}.Release|x64.Build.0 = Release|x64
		{6219B827-05C4-442B-8773-0712646E97AD}.Release|x86.ActiveCfg = Release|Win32
		{6219B827-05C4-442B-8773-0712646E97AD}.Release|x86.Build.0 = Release|Win32
		{3506EA7F-26E9-4EB8-BE19-7D334B094F21}.Debug|x64.ActiveCfg = Debug|x64
		{3506EA7F-26E9-4EB8-BE19-7D334B094F21}.Debug|x64.Build.0 = Debug|x64
		{3506EA7F-26E9-4EB8-BE19-7D334B094F21}.Debug|x86.ActiveCfg = Debug|Win32
		{3506EA7F-26E9-4EB8-BE19-7D334B094F21}.Debug|x86.Build.0 = Debug|Win32
		{3506EA7F-26E9-4EB8-BE19-7D334B094F21}.Release|x64.ActiveCfg = Release|x64
		{3506EA7F-26E9-4EB8-BE19-7D334B094F21}.Release|x64.Build.0 = Release|x64
		{3506EA7F-26E9-4EB8-BE19-7D334B094F21}.Release|x86.ActiveCfg = Release|Win32
		{3506EA7F-26E9-4EB8-BE19-7D334B094F21}.Release|x86.Build.0 = Release|Win32
		{786D6C92-16F4-403F-AC6B-E81CA8BB38E1}.Debug|x64.ActiveCfg = Debug|x64
		{786D6C92-16F4-403F-AC6B-E81CA8BB38E1}.Debug|x64.Build.0 = Debug|x64
		{786D6C92-16F4-403F-AC6B-E81CA8BB38E1}.Debug|x86.ActiveCfg = Debug|Win32
		{786D6C92-16F4-403F-AC6B-E81CA8BB38E1}.Debug|x86.Build.0 = Debug|Win32
		{786D6C92-16F4-403F-AC6B-E81CA8BB38E1}.Release|x64.ActiveCfg = Release|x64
		{786D6C92-16F4-403F-AC6B-E81CA8BB38E1}.Release|x64.Build.0 = Release|x64
		{786D6C92-16F4-403F-AC6B-E81CA8BB38E1}.Release|x86.ActiveCfg = Release|Win32
		{786D6C92-16F4-403F-AC6B-E81CA8BB38E1}.Release|x86.Build.0 = Release|Win32
		{9EEE6412-5DBC-4476-9AE8-D5DADD2113B2}.Debug|x64.ActiveCfg = Debug|x64
		{9EEE6412-5DBC-4476-9AE8-D5DADD2113B2}.Debug|x64.Build.0 = Debug|x64
		{9EEE6412-5DBC-4476-9AE8-D5DADD2113B2}.Debug|x86.ActiveCfg = Debug|Win32
		{9EEE6412-5DBC-4476-9AE8-D5DADD2113B2}.Debug|x86.Build.0 = Debug|Win32
		{9EEE6412-5DBC-4476-9AE8-D5DADD2113B2}.Release|x64.ActiveCfg = Release|x64
		{9EEE6412-5DBC-4476-9AE8-D5DADD2113B2}.Release|x64.Build.0 = Release|x64
		{9EEE6412-5DBC-4476-9AE8-D5DADD2113B2}.Release|x86.ActiveCfg = Release|Win32
		{9EEE6412-5DBC-4476-9AE8-D5DADD2113B2}.Release|x86.Build.0 = Release|Win32
		{CB2F6B6D-82EB-4812-9CA8-CAF5E79590FE}.Debug|x64.ActiveCfg = Debug|x64
		{CB2F6B6D-82EB-4812-9CA8-CAF5E79590FE}.Debug|x64.Build.0 = Debug|x64
		{CB2F6B6D-82EB-4812-9CA8-CAF5E79590FE}.Debug|x86.ActiveCfg = Debug|Win32
		{CB2F6B6D-82EB-4812-9CA8-CAF5E79590FE}.Debug|x86.Build.0 = Debug|Win32
		{CB2F6B6D-82EB-4812-9CA8-CAF5E79590FE}.Release|x64.ActiveCfg = Release|x64
		{CB2F6B6D-82EB-4812-9CA8-CAF5E79590FE}.Release|x64.Build.0 = Release|x64
		{CB2F6B6D-82EB-4812-9CA8-CAF5E79590FE}.Release|x86.ActiveCfg = Release|Win32
		{CB2F6B6D-82EB-4812-9CA8-CAF5E79590FE}.Release|x86.Build.0 = Release|Win32
		{9753948C-7802-4586-961A-8B9657A2B0A3}.Debug|x64.ActiveCfg = Debug|x64
		{9753948C-7802-4586-961A-8B9657A2B0A3}.Debug|x64.Build.0 = Debug|x64
		{9753948C-7802-4586-961A-8B9657A2B0A3}.Debug|x86.ActiveCfg = Debug|Win32
		{9753948C-7802-4586-961A-8B9657A2B0A3}.Debug|x86.Build.0 = Debug|Win32
		{9753948C-7802-4586-961A-8B9657A2B0A3}.Release|x64.ActiveCfg = Release|x64
		{9753948C-7802-4586-961A-8B9657A2B0A3}.Release|x64.Build.0 = Release|x64
		{9753948C-7802-4586-961A-8B9657A2B0A3}.Release|x86.ActiveCfg = Release|Win32
		{9753948C-7802-4586-961A-8B9657A2B0A3}.Release|x86.Build.0 = Release|Win32
		{346E75DC-4E52-4DEA-91BB-A312744A3012}.Debug|x64.ActiveCfg = Debug|x64
		{346E75DC-4E52-4DEA-91BB-A312744A3012}.Debug|x64.Build.0 = Debug|x64
		{346E75DC-4E52-4DEA-91BB-A312744A3012}.Debug|x86.ActiveCfg = Debug|Win32
		{346E75DC-4E52-4DEA-91BB-A312744A3012}.Debug|x86.Build.0 = Debug|Win32
		{346E75DC-4E52-4DEA-91BB-A312744A3012}.Release|x64.ActiveCfg = Release|x64
		{346E75DC-4E52-4DEA-91BB-A312744A3012}.Release|x64.Build.0 = Release|x64
		{346E75DC-4E52-4DEA-91BB-A312744A3012}.Release|x86.ActiveCfg = Release|Win32
		{346E75DC-4E52-4DEA-91BB-A312744A3012}.Release|x86.Build.0 = Release|Win32
		{2684972E-8543-4A96-B1EA-703AF20F116C}.Debug|x64.ActiveCfg = Debug|x64
		{2684972E-8543-4A96-B1EA-703AF20F116C}.Debug|x64.Build.0 = Debug|x64
		{2684972E-8543-4A96-B1EA-703AF20F116C}.Debug|x86.ActiveCfg = Debug|Win32
		{2684972E-8543-4A96-B1EA-703AF20F116C}.Debug|x86.Build.0 = Debug|Win32
		{2684972E-8543-4A96-B1EA-703AF20F116C}.Release|x64.ActiveCfg = Release|x64
		{2684972E-8543-4A96-B1EA-703AF20F116C}.Release|x64.Build.0 = Release|x64
		{2684972E-8543-4A96-B1EA-703AF20F116C}.Release|x86.ActiveCfg = Release|Win32
		{2684972E-8543-4A96-B1EA-703AF20F116C}.Release|x86.Build.0 = Release|Win32
		{AC81F277-3349-438D-8922-4D94BF3E0F7D}.Debug|x64.ActiveCfg = Debug|x64
		{AC81F277-3349-438D-8922-4D94BF3E0F7D}.Debug|x64.Build.0 = Debug|x64
		{AC81F277-3349-438D-8922-4D94BF3E0F7D}.Debug|x86.ActiveCfg = Debug|Win32
		{AC81F277-3349-438D-8922-4D94BF3E0F7D}.Debug|x86.Build.0 = Debug|Win32
		{AC81F277-3349-438D-8922-4D94BF3E0F7D}.Release|x64.ActiveCfg = Release|x64
		{AC81F277-3349-438D-8922-4D94BF3E0F7D}.Release|x64.Build.0 = Release|x64
		{AC81F277-3349-438D-8922-4D94BF3E0F7D}.Release|x86.ActiveCfg = Release|Win32
		{AC81F277-3349-438D-8922-4D94BF3E0F7D}.Release|x86.Build.0 = Release|Win32
		{6604DB9E-6208-4FC3-AE72-B9993C8105BC}.Debug|x64.ActiveCfg = Debug|x64
		{6604DB9E-6208-4FC3-AE72-B9993C8105BC}.Debug|x64.Build.0 = Debug|x64
		{6604DB9E-6208-4FC3-AE72-B9993C8105BC}.Debug|x86.ActiveCfg = Debug|Win32
		{6604DB9E-6208-4FC3-AE72-B9993C8105BC}.Debug|x86.Build.0 = Debug|Win32
		{6604DB9E-6208-4FC3-AE72-B9993C8105BC}.Release|x64.ActiveCfg = Release|x64
		{6604DB9E-6208-4FC3-AE72-B9993C8105BC}.Release|x64.Build.0 = Release|x64
		{6604DB9E-6208-4FC3-AE72-B9993C8105BC}.Release|x86.ActiveCfg = Release|Win32
		{6604DB9E-6208-4FC3-AE72-B9993C8105BC}.Release|x86.Build.0 = Release|Win32
		{4C0FB894-E697-43F6-AB13-7FE9FFBC1AC5}.Debug|x64.ActiveCfg = Debug|x64
		{4C0FB894-E697-43F6-AB13-7FE9FFBC1AC5}.Debug|x64.Build.0 = Debug|x64
		{4C0FB894-E697-43F6-AB13-7FE9FFBC1AC5}.Debug|x86.ActiveCfg = Debug|Win32
		{4C0FB894-E697-43F6-AB13-7FE9FFBC1AC5}.Debug|x86.Build.0 = Debug|Win32
		{4C0FB894-E697-43F6-AB13-7FE9FFBC1AC5}.Release|x64.ActiveCfg = Release|x64
		{4C0FB894-E697-43F6-AB13-7FE9FFBC1AC5}.Release|x64.Build.0 = Release|x64
		{4C0FB894-E697-43F6-AB13-7FE9FFBC1AC5}.Release|x86.ActiveCfg = Release|Win32
		{4C0FB894-E697-43F6-AB13-7FE9FFBC1AC5}.Release|x86.Build.0 = Release|Win32
		{3FBCECEC-C191-48F2-9857-E729958F7A70}.Debug|x64.ActiveCfg = Debug|x64
		{3FBCECEC-C191-48F2-9857-E729958F7A70}.Debug|x64.Build.0 = Debug|x64
		{3FBCECEC-C191-48F2-9857-E729958F7A70}.Debug|x86.ActiveCfg = Debug|Win32
		{3FBCECEC-C191-48F2-9857-E729958F7A70}.Debug|x86.Build.0 = Debug|Win32
		{3FBCECEC-C191-48F2-9857-E729958F7A70}.Release|x64.ActiveCfg = Release|x64
		{3FBCECEC-C191-48F2-9857-E729958F7A70}.Release|x64.Build.0 = Release|x64
		{3FBCECEC-C191-48F2-9857-E729958F7A70}.Release|x86.ActiveCfg = Release|Win32
		{3FBCECEC-C191-48F2-9857-E729958F7A70}.Release|x86.Build.0 = Release|Win32
		{88B30753-063C-4F7D-98F7-A5F66324E1CC}.Debug|x64.ActiveCfg = Debug|x64
		{88B30753-063C-4F7D-98F7-A5F66324E1CC}.Debug|x64.Build.0 = Debug|x64
		{88B30753-063C-4F7D-98F7-A5F66324E1CC}.Debug|x86.ActiveCfg = Debug|Win32
		{88B30753-063C-4F7D-98F7-A5F66324E1CC}.Debug|x86.Build.0 = Debug|Win32
		{88B30753-063C-4F7D-98F7-A5F66324E1CC}.Release|x64.ActiveCfg = Release|x64
		{88B30753-063C-4F7D-98F7-A5F66324E1CC}.Release|x64.Build.0 = Release|x64
		{88B30753-063C-4F7D-98F7-A5F66324E1CC}.Release|x86.ActiveCfg = Release|Win32
		{88B30753-063C-4F7D-98F7-A5F66324E1CC}.Release|x86.Build.0 = Release|Win32
		{FC5BE44C-3A83-42B5-A198-FB095205B1A0}.Debug|x64.ActiveCfg = Debug|x64
		{FC5BE44C-3A83-42B5-A198-FB095205B1A0}.Debug|x64.Build.0 = Debug|x64
		{FC5BE44C-3A83-42B5-A198-FB095205B1A0}.Debug|x86.ActiveCfg = Debug|Win32
		{FC5BE44C-3A83-42B5-A198-FB095205B1A0}.Debug|x86.Build.0 = Debug|Win32
		{FC5BE44C-3A83-42B5-A198-FB095205B1A0}.Release|x64.ActiveCfg = Release|x64
		{FC5BE44C-3A83-42B5-A198-FB095205B1A0}.Release|x64.Build.0 = Release|x64
		{FC5BE44C-3A83-42B5-A198-FB095205B1A0}.Release|x86.ActiveCfg = Release|Win32
		{FC5BE44C-3A83-42B5-A198-FB095205B1A0}.Release|x86.Build.0 = Release|Win32
		{970CEEA7-57BA-4681-95A1-E836FF82A415}.Debug|x64.ActiveCfg = Debug|x64
		{970CEEA7-57BA-4681-95A1-E836FF82A415}.Debug|x64.Build.0 = Debug|x64
		{970CEEA7-57BA-4681-95A1-E836FF82A415}.Debug|x86.ActiveCfg = Debug|Win32
		{970CEEA7-57BA-4681-95A1-E836FF82A415}.Debug|x86.Build.0 = Debug|Win32
		{970CEEA7-57BA-4681-95A1-E836FF82A415}.Release|x64.ActiveCfg = Release|x64
		{970CEEA7-57BA-4681-95A1-E836FF82A415}.Release|x64.Build.0 = Release|x64
		{970CEEA7-57BA-4681-95A1-E836FF82A415}.Release|x86.ActiveCfg = Release|Win32
		{970CEEA7-57BA-4681-95A1-E836FF82A415}.Release|x86.Build.0 = Release|Win32
		{A87457B4-852A-4BB6-A603-7BAA91395AD5}.Debug|x64.ActiveCfg = Debug|x64
		{A87457B4-852A-4BB6-A603-7BAA91395AD5}.Debug|x64.Build.0 = Debug|x64
		{A87457B4-852A-4BB6-A603-7BAA91395AD5}.Debug|x86.ActiveCfg = Debug|Win32
		{A87457B4-852A-4BB6-A603-7BAA91395AD5}.Debug|x86.Build.0 = Debug|Win32
		{A87457B4-852A-4BB6-A603-7BAA91395AD5}.Release|x64.ActiveCfg = Release|x64
		{A87457B4-852A-4BB6-A603-7BAA91395AD5}.Release|x64.Build.0 = Release|x64
		{A87457B4-852A-4BB6-A603-7BAA91395AD5}.Release|x86.ActiveCfg = Release|Win32
		{A87457B4-852A-4BB6-A603-7BAA91395AD5}.Release|x86.Build.0 = Release|Win32
		{FCE38F42-42E1-49E5-8C11-AE65ECF1250B}.Debug|x64.ActiveCfg = Debug|x64
		{FCE38F42-42E1-49E5-8C11-AE65ECF1250B}.Debug|x64.Build.0 = Debug|x64
		{FCE38F42-42E1-49E5-8C11-AE65ECF1250B}.Debug|x86.ActiveCfg = Debug|Win32
		{FCE38F42-42E1-49E5-8C11-AE65ECF1250B}.Debug|x86.Build.0 = Debug|Win32
		{FCE38F42-42E1-49E5-8C11-AE65ECF1250B}.Release|x64.ActiveCfg = Release|x64
		{FCE38F42-42E1-49E5-8C11-AE65ECF1250B}.Release|x64.Build.0 = Release|x64
		{FCE38F42-42E1-49E5-8C11-AE65ECF1250B}.Release|x86.ActiveCfg = Release|Win32
		{FCE38F42-42E1-49E5-8C11-AE65ECF1250B}.Release|x86.Build.0 = Release|Win32
		{5851B44B-E46F-4D1B-8502-5D86D5A10717}.Debug|x64.ActiveCfg = Debug|x64
		{5851B44B-E46F-4D1B-8502-5D86D5A10717}.Debug|x64.Build.0 = Debug|x64
		{5851B44B-E46F-4D1B-8502-5D86D5A10717}.Debug|x86.ActiveCfg = Debug|Win32
		{5851B44B-E46F-4D1B-8502-5D86D5A10717}.Debug|x86.Build.0 = Debug|Win32
		{5851B44B-E46F-4D1B-8502-5D86D5A10717}.Release|x64.ActiveCfg = Release|x64
		{5851B44B-E46F-4D1B-8502-5D86D5A10717}.Release|x64.Build.0 = Release|x64
		{5851B44B-E46F-4D1B-8502-5D86D5A10717}.Release|x86.ActiveCfg = Release|Win32
		{5851B44B-E46F-4D1B-8502-5D86D5A10717}.Release|x86.Build.0 = Release|Win32
		{9676F26C-C928-4285-A127-F18BD0D6C324}.Debug|x64.ActiveCfg = Debug|x64
		{9676F26C-C928-4285-A127-F18BD0D6C324}.Debug|x64.Build.0 = Debug|x64
		{9676F26C-C928-4285-A127-F18BD0D6C324}.Debug|x86.ActiveCfg = Debug|Win32
		{9676F26C-C928-4285-A127-F18BD0D6C324}.Debug|x86.Build.0 = Debug|Win32
		{9676F26C-C928-4285-A127-F18BD0D6C324}.Release|x64.ActiveCfg = Release|x64
		{9676F26C-C928-4285-A127-F18BD0D6C324}.Release|x64.Build.0 = Release|x64
		{9676F26C-C928-4285-A127-F18BD0D6C324}.Release|x86.ActiveCfg = Release|Win32
		{9676F26C-C928-4285-A127-F18BD0D6C324}.Release|x86.Build.0 = Release|Win32
		{447BC124-A0D5-4CCF-820D-72430842C1EF}.Debug|x64.ActiveCfg = Debug|x64
		{447BC124-A0D5-4CCF-820D-72430842C1EF}.Debug|x64.Build.0 = Debug|x64
		{447BC124-A0D5-4CCF-820D-72430842C1EF}.Debug|x86.ActiveCfg = Debug|Win32
		{447BC124-A0D5-4CCF-820D-72430842C1EF}.Debug|x86.Build.0 = Debug|Win32
		{447BC124-A0D5-4CCF-820D-72430842C1EF}.Release|x64.ActiveCfg = Release|x64
		{447BC124-A0D5-4CCF-820D-72430842C1EF}.Release|x64.Build.0 = Release|x64
		{447BC124-A0D5-4CCF-820D-72430842C1EF}.Release|x86.ActiveCfg = Release|Win32
		{447BC124-A0D5-4CCF-820D-72430842C1EF}.Release|x86.Build.0 = Release|Win32
		{AE9F766B-A960-4A3B-BA34-FC8567AE74EC}.Debug|x64.ActiveCfg = Debug|x64
		{AE9F766B-A960-4A3B-BA34-FC8567AE74EC}.Debug|x64.Build.0 = Debug|x64
		{AE9F766B-A960-4A3B-BA34-FC8567AE74EC}.Debug|x86.ActiveCfg = Debug|Win32
		{AE9F766B-A960-4A3B-BA34-FC8567AE74EC}.Debug|x86.Build.0 = Debug|Win32
		{AE9F766B-A960-4A3B-BA34-FC8567AE74EC}.Release|x64.ActiveCfg = Release|x64
		{AE9F766B-A960-4A3B-BA34-FC8567AE74EC}.Release|x64.Build.0 = Release|x64
		{AE9F766B-A960-4A3B-BA34-FC8567AE74EC}.Release|x86.ActiveCfg = Release|Win32
		{AE9F766B-A960-4A3B-BA34-FC8567AE74EC}.Release|x86.Build.0 = Release|Win32
		{F91B1C4F-73EE-42A4-958F-4B5CA8ECBAD3}.Debug|x64.ActiveCfg = Debug|x64
		{F91B1C4F-73EE-42A4-958F-4B5CA8ECBAD3}.Debug|x64.Build.0 = Debug|x64
		{F91B1C4F-73EE-42A4-958F-4B5CA8ECBAD3}.Debug|x86.ActiveCfg = Debug|Win32
		{F91B1C4F-73EE-42A4-958F-4B5CA8ECBAD3}.Debug|x86.Build.0 = Debug|Win32
		{F91B1C4F-73EE-42A4-958F-4B5CA8ECBAD3}.Release|x64.ActiveCfg = Release|x64
		{F91B1C4F-73EE-42A4-958F-4B5CA8ECBAD3}.Release|x64.Build.0 = Release|x64
		{F91B1C4F-73EE-42A4-958F-4B5CA8ECBAD3}.Release|x86.ActiveCfg = Release|Win32
		{F91B1C4F-73EE-42A4-958F-4B5CA8ECBAD3}.Release|x86.Build.0 = Release|Win32
		{672D4736-6538-4D7E-BFB2-3E9AA5C82CFA}.Debug|x64.ActiveCfg = Debug|x64
		{672D4736-6538-4D7E-BFB2-3E9AA5C82CFA}.Debug|x64.Build.0 = Debug|x64
		{672D4736-6538-4D7E-BFB2-3E9AA5C82CFA}.Debug|x86.ActiveCfg = Debug|Win32
		{672D4736-6538-4D7E-BFB2-3E9AA5C82CFA}.Debug|x86.Build.0 = Debug|Win32
		{672D4736-6538-4D7E-BFB2-3E9AA5C82CFA}.Release|x64.ActiveCfg = Release|x64
		{672D4736-6538-4D7E-BFB2-3E9AA5C82CFA}.Release|x64.Build.0 = Release|x64
		{672D4736-6538-4D7E-BFB2-3E9AA5C82CFA}.Release|x86.ActiveCfg = Release|Win32
		{672D4736-6538-4D7E-BFB2-3E9AA5C82CFA}.Release|x86.Build.0 = Release|Win32
		{775935C6-931C-4A92-97EE-0C920AE50AE2}.Debug|x64.ActiveCfg = Debug|x64
		{775935C6-931C-4A92-97EE-0C920AE50AE2}.Debug|x64.Build.0 = Debug|x64
		{775935C6-931C-4A92-97EE-0C920AE50AE2}.Debug|x86.ActiveCfg = Debug|Win32
		{775935C6-931C-4A92-97EE-0C920AE50AE2}.Debug|x86.Build.0 = Debug|Win32
		{775935C6-931C-4A92-97EE-0C920AE50AE2}.Release|x64.ActiveCfg = Release|x64
		{775935C6-931C-4A92-97EE-0C920AE50AE2}.Release|x64.Build.0 = Release|x64
		{775935C6-931C-4A92-97EE-0C920AE50AE2}.Release|x86.ActiveCfg = Release|Win32
		{775935C6-931C-4A92-97EE-0C920AE50AE2}.Release|x86.Build.0 = Release|Win32
		{7948939F-C305-4E94-8480-EBF0FAF9A21B}.Debug|x64.ActiveCfg = Debug|x64
		{7948939F-C305-4E94-8480-EBF0FAF9A21B}.Debug|x64.Build.0 = Debug|x64
		{7948939F-C305-4E94-8480-EBF0FAF9A21B}.Debug|x86.ActiveCfg = Debug|Win32
		{7948939F-C305-4E94-8480-EBF0FAF9A21B}.Debug|x86.Build.0 = Debug|Win32
		{7948939F-C305-4E94-8480-EBF0FAF9A21B}.Release|x64.ActiveCfg = Release|x64
		{7948939F-C305-4E94-8480-EBF0FAF9A21B}.Release|x64.Build.0 = Release|x64
		{7948939F-C305-4E94-8480-EBF0FAF9A21B}.Release|x86.ActiveCfg = Release|Win32
		{7948939F-C305-4E94-8480-EBF0FAF9A21B}.Release|x86.Build.0 = Release|Win32
		{75A1A55E-D8E1-4547-B861-5D5721DE1401}.Debug|x64.ActiveCfg = Debug|x64
		{75A1A55E-D8E1-4547-B861-5D5721DE1401}.Debug|x64.Build.0 = Debug|x64
		{75A1A55E-D8E1-4547-B861-5D5721DE1401}.Debug|x86.ActiveCfg = Debug|Win32
		{75A1A55E-D8E1-4547-B861-5D5721DE1401}.Debug|x86.Build.0 = Debug|Win32
		{75A1A55E-D8E1-4547-B861-5D5721DE1401}.Release|x64.ActiveCfg = Release|x64
		{75A1A55E-D8E1-4547-B861-5D5721DE1401}.Release|x64.Build.0 = Release|x64
		{75A1A55E-D8E1-4547-B861-5D5721DE1401}.Release|x86.ActiveCfg = Release|Win32
		{75A1A55E-D8E1-4547-B861-5D5721DE1401}.Release|x86.Build.0 = Release|Win32
		{7F1FAC81-7F79-469A-8548-6F4A4FA7F5FA}.Debug|x64.ActiveCfg = Debug|x64
		{7F1FAC81-7F79-469A-8548-6F4A4FA7F5FA}.Debug|x64.Build.0 = Debug|x64
		{7F1FAC81-7F79-469A-8548-6F4A4FA7F5FA}.Debug|x86.ActiveCfg = Debug|Win32
		{7F1FAC81-7F79-469A-8548-6F4A4FA7F5FA}.Debug|x86.Build.0 = Debug|Win32
		{7F1FAC81-7F79-469A-8548-6F4A4FA7F5FA}.Release|x64.ActiveCfg = Release|x64
		{7F1FAC81-7F79-469A-8548-6F4A4FA7F5FA}.Release|x64.Build.0 = Release|x64
		{7F1FAC81-7F79-469A-8548-6F4A4FA7F5FA}.Release|x86.ActiveCfg = Release|Win32
		{7F1FAC81-7F79-469A-8548-6F4A4FA7F5FA}.Release|x86.Build.0 = Release|Win32
		{EF50CF86-FCB7-4359-BDAC-5F32AEA560D2}.Debug|x64.ActiveCfg = Debug|x64
		{EF50CF86-FCB7-4359-BDAC-5F32AEA560D2}.Debug|x64.Build.0 = Debug|x64
		{EF50CF86-FCB7-4359-BDAC-5F32AEA560D2}.Debug|x86.ActiveCfg = Debug|Win32
		{EF50CF86-FCB7-4359-BDAC-5F32AEA560D2}.Debug|x86.Build.0 = Debug|Win32
		{EF50CF86-FCB7-4359-BDAC-5F32AEA560D2}.Release|x64.ActiveCfg = Release|x64
		{EF50CF86-FCB7-4359-BDAC-5F32AEA560D2}.Release|x64.Build.0 = Release|x64
		{EF50CF86-FCB7-4359-BDAC-5F32AEA560D2}.Release|x86.ActiveCfg = Release|Win32
		{EF50CF86-FCB7-4359-BDAC-5F32AEA560D2}.Release|x86.Build.0 = Release|Win32
		{0DF79CB3-E4AE-468C-8C4D-5063B7D47CF0}.Debug|x64.ActiveCfg = Debug|x64
		{0DF79CB3-E4AE-468C-8C4D-5063B7D47CF0}.Debug|x64.Build.0 = Debug|x64
		{0DF79CB3-E4AE-468C-8C4D-5063B7D47CF0}.Debug|x86.ActiveCfg = Debug|Win32
		{0DF79CB3-E4AE-468C-8C4D-5063B7D47CF0}.Debug|x86.Build.0 = Debug|Win32
		{0DF79CB3-E4AE-468C-8C4D-5063B7D47CF0}.Release|x64.ActiveCfg = Release|x64
		{0DF79CB3-E4AE-468C-8C4D-5063B7D47CF0}.Release|x64.Build.0 = Release|x64
		{0DF79CB3-E4AE-468C-8C4D-5063B7D47CF0}.Release|x86.ActiveCfg = Release|Win32
		{0DF79CB3-E4AE-468C-8C4D-5063B7D47CF0}.Release|x86.Build.0 = Release|Win32
		{1A5A9A3F-4179-409C-8AF1-461A96F83ADB}.Debug|x64.ActiveCfg = Debug|x64
		{1A5A9A3F-4179-409C-8AF1-461A96F83ADB}.Debug|x64.Build.0 = Debug|x64
		{1A5A9A3F-4179-409C-8AF1-461A96F83ADB}.Debug|x86.ActiveCfg = Debug|Win32
		{1A5A9A3F-4179-409C-8AF1-461A96F83ADB}.Debug|x86.Build.0 = Debug|Win32
		{1A5A9A3F-4179-409C-8AF1-461A96F83ADB}.Release|x64.ActiveCfg = Release|x64
		{1A5A9A3F-4179-409C-8AF1-461A96F83ADB}.Release|x64.Build.0 = Release|x64
		{1A5A9A3F-4179-409C-8AF1-461A96F83ADB}.Release|x86.ActiveCfg = Release|Win32
		{1A5A9A3F-4179-409C-8AF1-461A96F83ADB}.Release|x86.Build.0 = Release|Win32
		{21E6960E-D1EE-4249-A98A-A9FFF92A199D}.Debug|x64.ActiveCfg = Debug|x64
		{21E6960E-D1EE-4249-A98A-A9FFF92A199D}.Debug|x64.Build.0 = Debug|x64
		{21E6960E-D1EE-4249-A98A-A9FFF92A199D}.Debug|x86.ActiveCfg = Debug|Win32
		{21E6960E-D1EE-4249-A98A-A9FFF92A199D}.Debug|x86.Build.0 = Debug|Win32
		{21E6960E-D1EE-4249-A98A-A9FFF92A199D}.Release|x64.ActiveCfg = Release|x64
		{21E6960E-D1EE-4249-A98A-A9FFF92A199D}.Release|x64.Build.0 = Release|x64
		{21E6960E-D1EE-4249-A98A-A9FFF92A199D}.Release|x86.ActiveCfg = Release|Win32
		{21E6960E-D1EE-4249-A98A-A9FFF92A199D}.Release|x86.Build.0 = Release|Win32
		{0139D1A9-894C-4533-A7F0-92E5F892E907}.Debug|x64.ActiveCfg = Debug|x64
		{0139D1A9-894C-4533-A7F0-92E5F892E907}.Debug|x64.Build.0 = Debug|x64
		{0139D1A9-894C-4533-A7F0-92E5F892E907}.Debug|x86.ActiveCfg = Debug|Win32
		{0139D1A9-894C-4533-A7F0-92E5F892E907}.Debug|x86.Build.0 = Debug|Win32
		{0139D1A9-894C-4533-A7F0-92E5F892E907}.Release|x64.ActiveCfg = Release|x64
		{0139D1A9-894C-4533-A7F0-92E5F892E907}.Release|x64.Build.0 = Release|x64
		{0139D1A9-894C-4533-A7F0-92E5F892E907}.Release|x86.ActiveCfg = Release|Win32
		{0139D1A9-894C-4533-A7F0-92E5F892E907}.Release|x86.Build.0 = Release|Win32
		{A9401783-08C0-4360-925E-D63353B48AEF}.Debug|x64.ActiveCfg = Debug|x64
		{A9401783-08C0-4360-925E-D63353B48AEF}.Debug|x64.Build.0 = Debug|x64
		{A9401783-08C0-4360-925E-D63353B48AEF}.Debug|x86.ActiveCfg = Debug|Win32
		{A9401783-08C0-4360-925E-D63353B48AEF}.Debug|x86.Build.0 = Debug|Win32
		{A9401783-08C0-4360-925E-D63353B48AEF}.Release|x64.ActiveCfg = Release|x64
		{A9401783-08C0-4360-925E-D63353B48AEF}.Release|x64.Build.0 = Release|x64
		{A9401783-08C0-4360-925E-D63353B48AEF}.Release|x86.ActiveCfg = Release|Win32
		{A9401783-08C0-4360-925E-D63353B48AEF}.Release|x86.Build.0 = Release|Win32
		{58C0FFD7-B5AB-46C0-A4C5-D3CC763BC2D3}.Debug|x64.ActiveCfg = Debug|x64
		{58C0FFD7-B5AB-46C0-A4C5-D3CC763BC2D3}.Debug|x64.Build.0 = Debug|x64
		{58C0FFD7-B5AB-46C0-A4C5-D3CC763BC2D3}.Debug|x86.ActiveCfg = Debug|Win32
		{58C0FFD7-B5AB-46C0-A4C5-D3CC763BC2D3}.Debug|x86.Build.0 = Debug|Win32
		{58C0FFD7-B5AB-46C0-A4C5-D3CC763BC2D3}.Release|x64.ActiveCfg = Release|x64
		{58C0FFD7-B5AB-46C0-A4C5-D3CC763BC2D3}.Release|x64.Build.0 = Release|x64
		{58C0FFD7-B5AB-46C0-A4C5-D3CC763BC2D3}.Release|x86.ActiveCfg = Release|Win32
		{58C0FFD7-B5AB-46C0-A4C5-D3CC763BC2D3}.Release|x86.Build.0 = Release|Win32
		{A3068D49-2DD8-4AC8-9E8D-362954FBD973}.Debug|x64.ActiveCfg = Debug|x64
		{A3068D49-2DD8-4AC8-9E8D-362954FBD973}.Debug|x64.Build.0 = Debug|x64
		{A3068D49-2DD8-4AC8-9E8D-362954FBD973}.Debug|x86.ActiveCfg = Debug|Win32
		{A3068D49-2DD8-4AC8-9E8D-362954FBD973}.Debug|x86.Build.0 = Debug|Win32
		{A3068D49-2DD8-4AC8-9E8D-362954FBD973}.Release|x64.ActiveCfg = Release|x64
		{A3068D49-2DD8-4AC8-9E8D-362954FBD973}.Release|x64.Build.0 = Release|x64
		{A3068D49-2DD8-4AC8-9E8D-362954FBD973}.Release|x86.ActiveCfg = Release|Win32
		{A3068D49-2DD8-4AC8-9E8D-362954FBD973}.Release|x86.Build.0 = Release|Win32
		{923B810C-3E80-4F49-9667-123D4F9FB6B8}.Debug|x64.ActiveCfg = Debug|x64
		{923B810C-3E80-4F49-9667-123D4F9FB6B8}.Debug|x64.Build.0 = Debug|x64
		{923B810C-3E80-4F49-9667-123D4F9FB6B8}.Debug|x86.ActiveCfg = Debug|Win32
		{923B810C-3E80-4F49-9667-123D4F9FB6B8}.Debug|x86.Build.0 = Debug|Win32
		{923B810C-3E80-4F49-9667-123D4F9FB6B8}.Release|x64.ActiveCfg = Release|x64
		{923B810C-3E80-4F49-9667-123D4F9FB6B8}.Release|x64.Build.0 = Release|x64
		{923B810C-3E80-4F49-9667-123D4F9FB6B8}.Release|x86.ActiveCfg = Release|Win32
		{923B810C-3E80-4F49-9667-123D4F9FB6B8}.Release|x86.Build.0 = Release|Win32
		{56666DE5-F3D1-426F-B18A-AEA58891E952}.Debug|x64.ActiveCfg = Debug|x64
		{56666DE5-F3D1-426F-B18A-AEA58891E952}.Debug|x64.Build.0 = Debug|x64
		{56666DE5-F3D1-426F-B18A-AEA58891E952}.Debug|x86.ActiveCfg = Debug|Win32
		{56666DE5-F3D1-426F-B18A-AEA58891E952}.Debug|x86.Build.0 = Debug|Win32
		{56666DE5-F3D1-426F-B18A-AEA58891E952}.Release|x64.ActiveCfg = Release|x64
		{56666DE5-F3D1-426F-B18A-AEA58891E952}.Release|x64.Build.0 = Release|x64
		{56666DE5-F3D1-426F-B18A-AEA58891E952}.Release|x86.ActiveCfg = Release|Win32
		{56666DE5-F3D1-426F-B18A-AEA58891E952}.Release|x86.Build.0 = Release|Win32
		{92C61369-B130-4D20-ABC3-A2E8D8C16D26}.Debug|x64.ActiveCfg = Debug|x64
		{92C61369-B130-4D20-ABC3-A2E8D8C16D26}.Debug|x64.Build.0 = Debug|x64
		{92C61369-B130-4D20-ABC3-A2E8D8C16D26}.Debug|x86.ActiveCfg = Debug|Win32
		{92C61369-B130-4D20-ABC3-A2E8D8C16D26}.Debug|x86.Build.0 = Debug|Win32
		{92C61369-B130-4D20-ABC3-A2E8D8C16D26}.Release|x64.ActiveCfg = Release|x64
		{92C61369-B130-4D20-ABC3-A2E8D8C16D26}.Release|x64.Build.0 = Release|x64
		{92C61369-B130-4D20-ABC3-A2E8D8C16D26}.Release|x86.ActiveCfg = Release|Win32
		{92C61369-B130-4D20-ABC3-A2E8D8C16D26}.Release|x86.Build.0 = Release|Win32
		{580AD852-518A-4974-AC41-1B1E04E36990}.Debug|x64.ActiveCfg = Debug|x64
		{580AD852-518A-4974-AC41-1B1E04E36990}.Debug|x64.Build.0 = Debug|x64
		{580AD852-518A-4974-AC41-1B1E04E36990}.Debug|x86.ActiveCfg = Debug|Win32
		{580AD852-518A-4974-AC41-1B1E04E36990}.Debug|x86.Build.0 = Debug|Win32
		{580AD852-518A-4974-AC41-1B1E04E36990}.Release|x64.ActiveCfg = Release|x64
		{580AD852-518A-4974-AC41-1B1E04E36990}.Release|x64.Build.0 = Release|x64
		{580AD852-518A-4974-AC41-1B1E04E36990}.Release|x86.ActiveCfg = Release|Win32
		{580AD852-518A-4974-AC41-1B1E04E36990}.Release|x86.Build.0 = Release|Win32
		{C7E8AAC8-FFDF-46E5-AEDF-28FE5EF7FF96}.Debug|x64.ActiveCfg = Debug|x64
		{C7E8AAC8-FFDF-46E5-AEDF-28FE5EF7FF96}.Debug|x64.Build.0 = Debug|x64
		{C7E8AAC8-FFDF-46E5-AEDF-28FE5EF7FF96}.Debug|x86.ActiveCfg = Debug|Win32
		{C7E8AAC8-FFDF-46E5-AEDF-28FE5EF7FF96}.Debug|x86.Build.0 = Debug|Win32
		{C7E8AAC8-FFDF-46E5-AEDF-28FE5EF7FF96}.Release|x64.ActiveCfg = Release|x64
		{C7E8AAC8-FFDF-46E5-AEDF-28FE5EF7FF96}.Release|x64.Build.0 = Release|x64
		{C7E8AAC8-FFDF-46E5-AEDF-28FE5EF7FF96}.Release|x86.ActiveCfg = Release|Win32
		{C7E8AAC8-FFDF-46E5-AEDF-28FE5EF7FF96}.Release|x86.Build.0 = Release|Win32
		{90DA5341-F143-41B7-AE64-919E2E30FF60}.Debug|x64.ActiveCfg = Debug|x64
		{90DA5341-F143-41B7-AE64-919E2E30FF60}.Debug|x64.Build.0 = Debug|x64
		{90DA5341-F143-41B7-AE64-919E2E30FF60}.Debug|x86.ActiveCfg = Debug|Win32
		{90DA5341-F143-41B7-AE64-919E2E30FF60}.Debug|x86.Build.0 = Debug|Win32
		{90DA5341-F143-41B7-AE64-919E2E30FF60}.Release|x64.ActiveCfg = Release|x64
		{90DA5341-F143-41B7-AE64-919E2E30FF60}.Release|x64.Build.0 = Release|x64
		{90DA5341-F143-41B7-AE64-919E2E30FF60}.Release|x86.ActiveCfg = Release|Win32
		{90DA5341-F143-41B7-AE64-919E2E30FF60}.Release|x86.Build.0 = Release|Win32
		{BAE0226F-A547-4B3B-A399-EFF3E04078FA}.Debug|x64.ActiveCfg = Debug|x64
		{BAE0226F-A547-4B3B-A399-EFF3E04078FA}.Debug|x64.Build.0 = Debug|x64
		{BAE0226F-A547-4B3B-A399-EFF3E04078FA}.Debug|x86.ActiveCfg = Debug|Win32
		{BAE0226F-A547-4B3B-A399-EFF3E04078FA}.Debug|x86.Build.0 = Debug|Win32
		{BAE0226F-A547-4B3B-A399-EFF3E04078FA}.Release|x64.ActiveCfg = Release|x64
		{BAE0226F-A547-4B3B-A399-EFF3E04078FA}.Release|x64.Build.0 = Release|x64
		{BAE0226F-A547-4B3B-A399-EFF3E04078FA}.Release|x86.ActiveCfg = Release|Win32
		{BAE0226F-A547-4B3B-A399-EFF3E04078FA}.Release|x86.Build.0 = Release|Win32
		{44BB4EF4-2367-4922-88D8-4C64FA4290FE}.Debug|x64.ActiveCfg = Debug|x64
		{44BB4EF4-2367-4922-88D8-4C64FA4290FE}.Debug|x64.Build.0 = Debug|x64
		{44BB4EF4-2367-4922-88D8-4C64FA4290FE}.Debug|x86.ActiveCfg = Debug|Win32
		{44BB4EF4-2367-4922-88D8-4C64FA4290FE}.Debug|x86.Build.0 = Debug|Win32
		{44BB4EF4-2367-4922-88D8-4C64FA4290FE}.Release|x64.ActiveCfg = Release|x64
		{44BB4EF4-2367-4922-88D8-4C64FA4290FE}.Release|x64.Build.0 = Release|x64
		{44BB4EF4-2367-4922-88D8-4C64FA4290FE}.Release|x86.ActiveCfg = Release|Win32
		{44BB4EF4-2367-4922-88D8-4C64FA4290FE}.Release|x86.Build.0 = Release|Win32
		{2B1D911C-7036-47A4-BCEB-40FCF1E0C125}.Debug|x64.ActiveCfg = Debug|x64
		{2B1D911C-7036-47A4-BCEB-40FCF1E0C125}.Debug|x64.Build.0 = Debug|x64
		{2B1D911C-7036-47A4-BCEB-40FCF1E0C125}.Debug|x86.ActiveCfg = Debug|Win32
		{2B1D911C-7036-47A4-BCEB-40FCF1E0C125}.Debug|x86.Build.0 = Debug|Win32
		{2B1D911C-7036-47A4-BCEB-40FCF1E0C125}.Release|x64.ActiveCfg = Release|x64
		{2B1D911C-7036-47A4-BCEB-40FCF1E0C125}.Release|x64.Build.0 = Release|x64
		{2B1D911C-7036-47A4-BCEB-40FCF1E0C125}.Release|x86.ActiveCfg = Release|Win32
		{2B1D911C-7036-47A4-BCEB-40FCF1E0C125}.Release|x86.Build.0 = Release|Win32
		{9E2C5192-3B08-4AC1-BD74-C9F566A43EAE}.Debug|x64.ActiveCfg = Debug|x64
		{9E2C5192-3B08-4AC1-BD74-C9F566A43EAE}.Debug|x64.Build.0 = Debug|x64
		{9E2C5192-3B08-4AC1-BD74-C9F566A43EAE}.Debug|x86.ActiveCfg = Debug|Win32
		{9E2C5192-3B08-4AC1-BD74-C9F566A43EAE}.Debug|x86.Build.0 = Debug|Win32
		{9E2C5192-3B08-4AC1-BD74-C9F566A43EAE}.Release|x64.ActiveCfg = Release|x64
		{9E2C5192-3B08-4AC1-BD74-C9F566A43EAE}.Release|x64.Build.0 = Release|x64
		{9E2C5192-3B08-4AC1-BD74-C9F566A43EAE}.Release|x86.ActiveCfg = Release|Win32
		{9E2C5192-3B08-4AC1-BD74-C9F566A43EAE}.Release|x86.Build.0 = Release|Win32
		{41BE0B1B-880E-4ACD-B53E-E6191D92DEDB}.Debug|x64.ActiveCfg = Debug|x64
		{41BE0B1B-880E-4ACD-B53E-E6191D92DEDB}.Debug|x64.Build.0 = Debug|x64
		{41BE0B1B-880E-4ACD-B53E-E6191D92DEDB}.Debug|x86.ActiveCfg = Debug|Win32
		{41BE0B1B-880E-4ACD-B53E-E6191D92DEDB}.Debug|x86.Build.0 = Debug|Win32
		{41BE0B1B-880E-4ACD-B53E-E6191D92DEDB}.Release|x64.ActiveCfg = Release|x64
		{41BE0B1B-880E-4ACD-B53E-E6191D92DEDB}.Release|x64.Build.0 = Release|x64
		{41BE0B1B-880E-4ACD-B53E-E6191D92DEDB}.Release|x86.ActiveCfg = Release|Win32
		{41BE0B1B-880E-4ACD-B53E-E6191D92DEDB}.Release|x86.Build.0 = Release|Win32
		{DB70B518-7099-4409-BDA4-41DAC742D53B}.Debug|x64.ActiveCfg = Debug|x64
		{DB70B518-7099-4409-BDA4-41DAC742D53B}.Debug|x64.Build.0 = Debug|x64
		{DB70B518-7099-4409-BDA4-41DAC742D53B}.Debug|x86.ActiveCfg = Debug|Win32
		{DB70B518-7099-4409-BDA4-41DAC742D53B}.Debug|x86.Build.0 = Debug|Win32
		{DB70B518-7099-4409-BDA4-41DAC742D53B}.Release|x64.ActiveCfg = Release|x64
		{DB70B518-7099-4409-BDA4-41DAC742D53B}.Release|x64.Build.0 = Release|x64
		{DB70B518-7099-4409-BDA4-41DAC742D53B}.Release|x86.ActiveCfg = Release|Win32
		{DB70B518-7099-4409-BDA4-41DAC742D53B}.Release|x86.Build.0 = Release|Win32
		{C9C36F90-5935-4009-955C-3308E8F43F4E}.Debug|x64.ActiveCfg = Debug|x64
		{C9C36F90-5935-4009-955C-3308E8F43F4E}.Debug|x64.Build.0 = Debug|x64
		{C9C36F90-5935-4009-955C-3308E8F43F4E}.Debug|x86.ActiveCfg = Debug|Win32
		{C9C36F90-5935-4009-955C-3308E8F43F4E}.Debug|x86.Build.0 = Debug|Win32
		{C9C36F90-5935-4009-955C-3308E8F43F4E}.Release|x64.ActiveCfg = Release|x64
		{C9C36F90-5935-4009-955C-3308E8F43F4E}.Release|x64.Build.0 = Release|x64
		{C9C36F90-5935-4009-955C-3308E8F43F4E}.Release|x86.ActiveCfg = Release|Win32
		{C9C36F90-5935-4009-955C-3308E8F43F4E}.Release|x86.Build.0 = Release|Win32
		{2E7693F6-6E52-4403-BAA3-5A79FAA70983}.Debug|x64.ActiveCfg = Debug|x64
		{2E7693F6-6E52-4403-BAA3-5A79FAA70983}.Debug|x64.Build.0 = Debug|x64
		{2E7693F6-6E52-4403-BAA3-5A79FAA70983}.Debug|x86.ActiveCfg = Debug|Win32
		{2E7693F6-6E52-4403-BAA3-5A79FAA70983}.Debug|x86.Build.0 = Debug|Win32
		{2E7693F6-6E52-4403-BAA3-5A79FAA70983}.Release|x64.ActiveCfg = Release|x64
		{2E7693F6-6E52-4403-BAA3-5A79FAA70983}.Release|x64.Build.0 = Release|x64
		{2E7693F6-6E52-4403-BAA3-5A79FAA70983}.Release|x86.ActiveCfg = Release|Win32
		{2E7693F6-6E52-4403-BAA3-5A79FAA70983}.Release|x86.Build.0 = Release|Win32
		{B8D6F291-656C-4267-8E6B-76E0512031E9}.Debug|x64.ActiveCfg = Debug|x64
		{B8D6F291-656C-4267-8E6B-76E0512031E9}.Debug|x64.Build.0 = Debug|x64
		{B8D6F291-656C-4267-8E6B-76E0512031E9}.Debug|x86.ActiveCfg = Debug|Win32
		{B8D6F291-656C-4267-8E6B-76E0512031E9}.Debug|x86.Build.0 = Debug|Win32
		{B8D6F291-656C-4267-8E6B-76E0512031E9}.Release|x64.ActiveCfg = Release|x64
		{B8D6F291-656C-4267-8E6B-76E0512031E9}.Release|x64.Build.0 = Release|x64
		{B8D6F291-656C-4267-8E6B-76E0512031E9}.Release|x86.ActiveCfg = Release|Win32
		{B8D6F291-656C-4267-8E6B-76E0512031E9}.Release|x86.Build.0 = Release|Win32
		{DB72E6AC-0E55-4C90-BE2A-609C2B718EC3}.Debug|x64.ActiveCfg = Debug|x64
		{DB72E6AC-0E55-4C90-BE2A-609C2B718EC3}.Debug|x64.Build.0 = Debug|x64
		{DB72E6AC-0E55-4C90-BE2A-609C2B718EC3}.Debug|x86.ActiveCfg = Debug|Win32
		{DB72E6AC-0E55-4C90-BE2A-609C2B718EC3}.Debug|x86.Build.0 = Debug|Win32
		{DB72E6AC-0E55-4C90-BE2A-609C2B718EC3}.Release|x64.ActiveCfg = Release|x64
		{DB72E6AC-0E55-4C90-BE2A-609C2B718EC3}.Release|x64.Build.0 = Release|x64
		{DB72E6AC-0E55-4C90-BE2A-609C2B718EC3}.Release|x86.ActiveCfg = Release|Win32
		{DB72E6AC-0E55-4C90-BE2A-609C2B718EC3}.Release|x86.Build.0 = Release|Win32
		{7BF209CF-726E-42E5-BD21-1DC6543985FF}.Debug|x64.ActiveCfg = Debug|x64
		{7BF209CF-726E-42E5-BD21-1DC6543985FF}.Debug|x64.Build.0 = Debug|x64
		{7BF209CF-726E-42E5-BD21-1DC6543985FF}.Debug|x86.ActiveCfg = Debug|Win32
		{7BF209CF-726E-42E5-BD21-1DC6543985FF}.Debug|x86.Build.0 = Debug|Win32
		{7BF209CF-726E-42E5-BD21-1DC6543985FF}.Release|x64.ActiveCfg = Release|x64
		{7BF209CF-726E-42E5-BD21-1DC6543985FF}.Release|x64.Build.0 = Release|x64
		{7BF209CF-726E-42E5-BD21-1DC6543985FF}.Release|x86.ActiveCfg = Release|Win32
		{7BF209CF-726E-42E5-BD21-1DC6543985FF}.Release|x86.Build.0 = Release|Win32
		{52888528-E024-467B-B0E0-F47A6D35E6E1}.Debug|x64.ActiveCfg = Debug|x64
		{52888528-E024-467B-B0E0-F47A6D35E6E1}.Debug|x64.Build.0 = Debug|x64
		{52888528-E024-467B-B0E0-F47A6D35E6E1}.Debug|x86.ActiveCfg = Debug|Win32
		{52888528-E024-467B-B0E0-F47A6D35E6E1}.Debug|x86.Build.0 = Debug|Win32
		{52888528-E024-467B-B0E0-F47A6D35E6E1}.Release|x64.ActiveCfg = Release|x64
		{52888528-E024-467B-B0E0-F47A6D35E6E1}.Release|x64.Build.0 = Release|x64
		{52888528-E024-467B-B0E0-F47A6D35E6E1}.Release|x86.ActiveCfg = Release|Win32
		{52888528-E024-467B-B0E0-F47A6D35E6E1}.Release|x86.Build.0 = Release|Win32
		{67C66107-EF36-4EFA-B413-80598D141728}.Debug|x64.ActiveCfg = Debug|x64
		{67C66107-EF36-4EFA-B413-80598D141728}.Debug|x64.Build.0 = Debug|x64
		{67C66107-EF36-4EFA-B413-80598D141728}.Debug|x86.ActiveCfg = Debug|Win32
		{67C66107-EF36-4EFA-B413-80598D141728}.Debug|x86.Build.0 = Debug|Win32
		{67C66107-EF36-4EFA-B413-80598D141728}.Release|x64.ActiveCfg = Release|x64
		{67C66107-EF36-4EFA-B413-80598D141728}.Release|x64.Build.0 = Release|x64
		{67C66107-EF36-4EFA-B413-80598D141728}.Release|x86.ActiveCfg = Release|Win32
		{67C66107-EF36-4EFA-B413-80598D141728}.Release|x86.Build.0 = Release|Win32
		{E34DD43C-0C07-485D-9A42-6F438EEBE388}.Debug|x64.ActiveCfg = Debug|x64
		{E34DD43C-0C07-485D-9A42-6F438EEBE388}.Debug|x64.Build.0 = Debug|x64
		{E34DD43C-0C07-485D-9A42-6F438EEBE388}.Debug|x86.ActiveCfg = Debug|Win32
		{E34DD43C-0C07-485D-9A42-6F438EEBE388}.Debug|x86.Build.0 = Debug|Win32
		{E34DD43C-0C07-485D-9A42-6F438EEBE388}.Release|x64.ActiveCfg = Release|x64
		{E34DD43C-0C07-485D-9A42-6F438EEBE388}.Release|x64.Build.0 = Release|x64
		{E34DD43C-0C07-485D-9A42-6F438EEBE388}.Release|x86.ActiveCfg = Release|Win32
		{E34DD43C-0C07-485D-9A42-6F438EEBE388}.Release|x86.Build.0 = Release|Win32
		{717A250A-F2E6-44D4-BB1E-16198A0A1AF7}.Debug|x64.ActiveCfg = Debug|x64
		{717A250A-F2E6-44D4-BB1E-16198A0A1AF7}.Debug|x64.Build.0 = Debug|x64
		{717A250A-F2E6-44D4-BB1E-16198A0A1AF7}.Debug|x86.ActiveCfg = Debug|Win32
		{717A250A-F2E6-44D4-BB1E-16198A0A1AF7}.Debug|x86.Build.0 = Debug|Win32
		{717A250A-F2E6-44D4-BB1E-16198A0A1AF7}.Release|x64.ActiveCfg = Release|x64
		{717A250A-F2E6-44D4-BB1E-16198A0A1AF7}.Release|x64.Build.0 = Release|x64
		{717A250A-F2E6-44D4-BB1E-16198A0A1AF7}.Release|x86.ActiveCfg = Release|Win32
		{717A250A-F2E6-44D4-BB1E-16198A0A1AF7}.Release|x86.Build.0 = Release|Win32
		{FD0A3A02-CF57-4E38-B919-7E61986B2E02}.Debug|x64.ActiveCfg = Debug|x64
		{FD0A3A02-CF57-4E38-B919-7E61986B2E02}.Debug|x64.Build.0 = Debug|x64
		{FD0A3A02-CF57-4E38-B919-7E61986B2E02}.Debug|x86.ActiveCfg = Debug|Win32
		{FD0A3A02-CF57-4E38-B919-7E61986B2E02}.Debug|x86.Build.0 = Debug|Win32
		{FD0A3A02-CF57-4E38-B919-7E61986B2E02}.Release|x64.ActiveCfg = Release|x64
		{FD0A3A02-CF57-4E38-B919-7E61986B2E02}.Release|x64.Build.0 = Release|x64
		{FD0A3A02-CF57-4E38-B919-7E61986B2E02}.Release|x86.ActiveCfg = Release|Win32
		{FD0A3A02-CF57-4E38-B919-7E61986B2E02}.Release|x86.Build.0 = Release|Win32
		{4F315B3F-2906-4BA3-AEE5-E2C21C7543C3}.Debug|x64.ActiveCfg = Debug|x64
		{4F315B3F-2906-4BA3-AEE5-E2C21C7543C3}.Debug|x64.Build.0 = Debug|x64
		{4F315B3F-2906-4BA3-AEE5-E2C21C7543C3}.Debug|x86.ActiveCfg = Debug|Win32
		{4F315B3F-2906-4BA3-AEE5-E2C21C7543C3}.Debug|x86.Build.0 = Debug|Win32
		{4F315B3F-2906-4BA3-AEE5-E2C21C7543C3}.Release|x64.ActiveCfg = Release|x64
		{4F315B3F-2906-4BA3-AEE5-E2C21C7543C3}.Release|x64.Build.0 = Release|x64
		{4F315B3F-2906-4BA3-AEE5-E2C21C7543C3}.Release|x86.ActiveCfg = Release|Win32
		{4F315B3F-2906-4BA3-AEE5-E2C21C7543C3}.Release|x86.Build.0 = Release|Win32
		{A01250DE-F94A-4979-8DDD-D4642EC66143}.Debug|x64.ActiveCfg = Debug|x64
		{A01250DE-F94A-4979-8DDD-D4642EC66143}.Debug|x64.Build.0 = Debug|x64
		{A01250DE-F94A-4979-8DDD-D4642EC66143}.Debug|x86.ActiveCfg = Debug|Win32
		{A01250DE-F94A-4979-8DDD-D4642EC66143}.Debug|x86.Build.0 = Debug|Win32
		{A01250DE-F94A-4979-8DDD-D4642EC66143}.Release|x64.ActiveCfg = Release|x64
		{A01250DE-F94A-4979-8DDD-D4642EC66143}.Release|x64.Build.0 = Release|x64
		{A01250DE-F94A-4979-8DDD-D4642EC66143}.Release|x86.ActiveCfg = Release|Win32
		{A01250DE-F94A-4979-8DDD-D4642EC66143}.Release|x86.Build.0 = Release|Win32
		{360B9EA3-0AB5-46BB-A4A3-3061E7A04ACB}.Debug|x64.ActiveCfg = Debug|x64
		{360B9EA3-0AB5-46BB-A4A3-3061E7A04ACB}.Debug|x64.Build.0 = Debug|x64
		{360B9EA3-0AB5-46BB-A4A3-3061E7A04ACB}.Debug|x86.ActiveCfg = Debug|Win32
		{360B9EA3-0AB5-46BB-A4A3-3061E7A04ACB}.Debug|x86.Build.0 = Debug|Win32
		{360B9EA3-0AB5-46BB-A4A3-3061E7A04ACB}.Release|x64.ActiveCfg = Release|x64
		{360B9EA3-0AB5-46BB-A4A3-3061E7A04ACB}.Release|x64.Build.0 = Release|x64
		{360B9EA3-0AB5-46BB-A4A3-3061E7A04ACB}.Release|x86.ActiveCfg = Release|Win32
		{360B9EA3-0AB5-46BB-A4A3-3061E7A04ACB}.Release|x86.Build.0 = Release|Win32
		{E5049FF9-319D-4982-AE03-19F75FD1810E}.Debug|x64.ActiveCfg = Debug|x64
		{E5049FF9-319D-4982-AE03-19F75FD1810E}.Debug|x64.Build.0 = Debug|x64
		{E5049FF9-319D-4982-AE03-19F75FD1810E}.Debug|x86.ActiveCfg = Debug|Win32
		{E5049FF9-319D-4982-AE03-19F75FD1810E}.Debug|x86.Build.0 = Debug|Win32
		{E5049FF9-319D-4982-AE03-19F75FD1810E}.Release|x64.ActiveCfg = Release|x64
		{E5049FF9-319D-4982-AE03-19F75FD1810E}.Release|x64.Build.0 = Release|x64
		{E5049FF9-319D-4982-AE03-19F75FD1810E}.Release|x86.ActiveCfg = Release|Win32
		{E5049FF9-319D-4982-AE03-19F75FD1810E}.Release|x86.Build.0 = Release|Win32
		{90BEB152-FCA0-4BFE-A90D-ECFF3E2F97CA}.Debug|x64.ActiveCfg = Debug|x64
		{90BEB152-FCA0-4BFE-A90D-ECFF3E2F97CA}.Debug|x64.Build.0 = Debug|x64
		{90BEB152-FCA0-4BFE-A90D-ECFF3E2F97CA}.Debug|x86.ActiveCfg = Debug|Win32
		{90BEB152-FCA0-4BFE-A90D-ECFF3E2F97CA}.Debug|x86.Build.0 = Debug|Win32
		{90BEB152-FCA0-4BFE-A90D-ECFF3E2F97CA}.Release|x64.ActiveCfg = Release|x64
		{90BEB152-FCA0-4BFE-A90D-ECFF3E2F97CA}.Release|x64.Build.0 = Release|x64
		{90BEB152-FCA0-4BFE-A90D-ECFF3E2F97CA}.Release|x86.ActiveCfg = Release|Win32
		{90BEB152-FCA0-4BFE-A90D-ECFF3E2F97CA}.Release|x86.Build.0 = Release|Win32
		{45C0520A-4E85-49B8-8E7E-FADF8F43D2F0}.Debug|x64.ActiveCfg = Debug|x64
		{45C0520A-4E85-49B8-8E7E-FADF8F43D2F0}.Debug|x64.Build.0 = Debug|x64
		{45C0520A-4E85-49B8-8E7E-FADF8F43D2F0}.Debug|x86.ActiveCfg = Debug|Win32
		{45C0520A-4E85-49B8-8E7E-FADF8F43D2F0}.Debug|x86.Build.0 = Debug|Win32
		{45C0520A-4E85-49B8-8E7E-FADF8F43D2F0}.Release|x64.ActiveCfg = Release|x64
		{45C0520A-4E85-49B8-8E7E-FADF8F43D2F0}.Release|x64.Build.0 = Release|x64
		{45C0520A-4E85-49B8-8E7E-FADF8F43D2F0}.Release|x86.ActiveCfg = Release|Win32
		{45C0520A-4E85-49B8-8E7E-FADF8F43D2F0}.Release|x86.Build.0 = Release|Win32
		{5B0CFF99-C7F2-4E1E-BCC5-8F6435F5725C}.Debug|x64.ActiveCfg = Debug|x64
		{5B0CFF99-C7F2-4E1E-BCC5-8F6435F5725C}.Debug|x64.Build.0 = Debug|x64
		{5B0CFF99-C7F2-4E1E-BCC5-8F6435F5725C}.Debug|x86.ActiveCfg = Debug|Win32
		{5B0CFF99-C7F2-4E1E-BCC5-8F6435F5725C}.Debug|x86.Build.0 = Debug|Win32
		{5B0CFF99-C7F2-4E1E-BCC5-8F6435F5725C}.Release|x64.ActiveCfg = Release|x64
		{5B0CFF99-C7F2-4E1E-BCC5-8F6435F5725C}.Release|x64.Build.0 = Release|x64
		{5B0CFF99-C7F2-4E1E-BCC5-8F6435F5725C}.Release|x86.ActiveCfg = Release|Win32
		{5B0CFF99-C7F2-4E1E-BCC5-8F6435F5725C}.Release|x86.Build.0 = Release|Win32
	EndGlobalSection
	GlobalSection(SolutionProperties) = preSolution
		HideSolutionNode = FALSE
	EndGlobalSection
	GlobalSection(ExtensibilityGlobals) = postSolution
		SolutionGuid = {FC34CD5E-4FF9-4DBB-B0F9-838F10AF7300}
	EndGlobalSection
EndGlobal
